
Microsoft Visual Studio Solution File, Format Version 12.00
# Visual Studio Version 16
VisualStudioVersion = 16.0.29201.188
MinimumVisualStudioVersion = 10.0.40219.1
Project("{9A19103F-16F7-4668-BE54-9A1E7A4F7556}") = "Pandemic", "Pandemic\Pandemic.csproj", "{C6A1BB6E-A481-41F5-A160-664FCE51B414}"
EndProject
Project("{9A19103F-16F7-4668-BE54-9A1E7A4F7556}") = "Pandemic.UnitTests", "Pandemic.UnitTests\Pandemic.UnitTests.csproj", "{24BDB910-A5D8-4457-AC7E-BDC72D866E2F}"
EndProject
Project("{FAE04EC0-301F-11D3-BF4B-00C04F79EFBC}") = "Pandemic.FrontEnd", "Pandemic.FrontEnd\Pandemic.FrontEnd.csproj", "{D962E5BA-50EE-497C-B974-8D407E6E3751}"
EndProject
Global
	GlobalSection(SolutionConfigurationPlatforms) = preSolution
		Debug|Any CPU = Debug|Any CPU
		Release|Any CPU = Release|Any CPU
	EndGlobalSection
	GlobalSection(ProjectConfigurationPlatforms) = postSolution
		{C6A1BB6E-A481-41F5-A160-664FCE51B414}.Debug|Any CPU.ActiveCfg = Debug|Any CPU
		{C6A1BB6E-A481-41F5-A160-664FCE51B414}.Debug|Any CPU.Build.0 = Debug|Any CPU
		{C6A1BB6E-A481-41F5-A160-664FCE51B414}.Release|Any CPU.ActiveCfg = Release|Any CPU
		{C6A1BB6E-A481-41F5-A160-664FCE51B414}.Release|Any CPU.Build.0 = Release|Any CPU
		{24BDB910-A5D8-4457-AC7E-BDC72D866E2F}.Debug|Any CPU.ActiveCfg = Debug|Any CPU
		{24BDB910-A5D8-4457-AC7E-BDC72D866E2F}.Debug|Any CPU.Build.0 = Debug|Any CPU
		{24BDB910-A5D8-4457-AC7E-BDC72D866E2F}.Release|Any CPU.ActiveCfg = Release|Any CPU
		{24BDB910-A5D8-4457-AC7E-BDC72D866E2F}.Release|Any CPU.Build.0 = Release|Any CPU
		{D962E5BA-50EE-497C-B974-8D407E6E3751}.Debug|Any CPU.ActiveCfg = Debug|Any CPU
		{D962E5BA-50EE-497C-B974-8D407E6E3751}.Debug|Any CPU.Build.0 = Debug|Any CPU
		{D962E5BA-50EE-497C-B974-8D407E6E3751}.Release|Any CPU.ActiveCfg = Release|Any CPU
		{D962E5BA-50EE-497C-B974-8D407E6E3751}.Release|Any CPU.Build.0 = Release|Any CPU
	EndGlobalSection
	GlobalSection(SolutionProperties) = preSolution
		HideSolutionNode = FALSE
	EndGlobalSection
	GlobalSection(ExtensibilityGlobals) = postSolution
		SolutionGuid = {12A38A6C-47BD-4D80-AD34-B6F33386D814}
	EndGlobalSection
EndGlobal
